
Microsoft Visual Studio Solution File, Format Version 12.00
# Visual Studio Version 16
VisualStudioVersion = 16.0.31702.278
MinimumVisualStudioVersion = 10.0.40219.1
Project("{FAE04EC0-301F-11D3-BF4B-00C04F79EFBC}") = "Filler", "Filler.csproj", "{2406900A-778A-4C5C-88C8-9384CCB4F918}"
EndProject
Global
	GlobalSection(SolutionConfigurationPlatforms) = preSolution
		Debug|Any CPU = Debug|Any CPU
		Release|Any CPU = Release|Any CPU
	EndGlobalSection
	GlobalSection(ProjectConfigurationPlatforms) = postSolution
		{2406900A-778A-4C5C-88C8-9384CCB4F918}.Debug|Any CPU.ActiveCfg = Debug|Any CPU
		{2406900A-778A-4C5C-88C8-9384CCB4F918}.Debug|Any CPU.Build.0 = Debug|Any CPU
		{2406900A-778A-4C5C-88C8-9384CCB4F918}.Release|Any CPU.ActiveCfg = Release|Any CPU
		{2406900A-778A-4C5C-88C8-9384CCB4F918}.Release|Any CPU.Build.0 = Release|Any CPU
	EndGlobalSection
	GlobalSection(SolutionProperties) = preSolution
		HideSolutionNode = FALSE
	EndGlobalSection
	GlobalSection(ExtensibilityGlobals) = postSolution
		SolutionGuid = {F89021B5-75BF-4A3F-8CDF-0DD9A4062566}
	EndGlobalSection
EndGlobal
